
Microsoft Visual Studio Solution File, Format Version 12.00
Project("{FAE04EC0-301F-11D3-BF4B-00C04F79EFBC}") = "CodeCool.SeasonalProductDiscounter", "CodeCool.SeasonalProductDiscounter\CodeCool.SeasonalProductDiscounter.csproj", "{1F0A4CF6-9762-446E-85A7-D6C506A353C8}"
EndProject
Project("{FAE04EC0-301F-11D3-BF4B-00C04F79EFBC}") = "CodeCool.SeasonalProductDiscounterTest", "CodeCool.SeasonalProductDiscounterTest\CodeCool.SeasonalProductDiscounterTest.csproj", "{3269C27D-B08E-43DF-B00F-6DC2899DAA2B}"
EndProject
Global
	GlobalSection(SolutionConfigurationPlatforms) = preSolution
		Debug|Any CPU = Debug|Any CPU
		Release|Any CPU = Release|Any CPU
	EndGlobalSection
	GlobalSection(ProjectConfigurationPlatforms) = postSolution
		{1F0A4CF6-9762-446E-85A7-D6C506A353C8}.Debug|Any CPU.ActiveCfg = Debug|Any CPU
		{1F0A4CF6-9762-446E-85A7-D6C506A353C8}.Debug|Any CPU.Build.0 = Debug|Any CPU
		{1F0A4CF6-9762-446E-85A7-D6C506A353C8}.Release|Any CPU.ActiveCfg = Release|Any CPU
		{1F0A4CF6-9762-446E-85A7-D6C506A353C8}.Release|Any CPU.Build.0 = Release|Any CPU
		{3269C27D-B08E-43DF-B00F-6DC2899DAA2B}.Debug|Any CPU.ActiveCfg = Debug|Any CPU
		{3269C27D-B08E-43DF-B00F-6DC2899DAA2B}.Debug|Any CPU.Build.0 = Debug|Any CPU
		{3269C27D-B08E-43DF-B00F-6DC2899DAA2B}.Release|Any CPU.ActiveCfg = Release|Any CPU
		{3269C27D-B08E-43DF-B00F-6DC2899DAA2B}.Release|Any CPU.Build.0 = Release|Any CPU
	EndGlobalSection
EndGlobal
